{
  "name": "PlayLifestyle",
  "version": "0.0.11",
  "dependencies": {
    "socketstream": {
      "version": "0.3.1",
      "from": "git://github.com/socketstream/socketstream.git#master",
      "dependencies": {
        "colors": {
          "version": "0.6.0-1"
        },
        "commander": {
          "version": "0.6.1"
        },
        "eventemitter2": {
          "version": "0.4.9"
        },
        "apitree": {
          "version": "1.1.0"
        },
        "uglify-js": {
          "version": "1.3.3"
        },
        "clean-css": {
          "version": "0.4.2",
          "dependencies": {
            "optimist": {
              "version": "0.3.4",
              "dependencies": {
                "wordwrap": {
                  "version": "0.0.2"
                }
              }
            }
          }
        },
        "semver": {
          "version": "1.0.14"
        },
        "socket.io": {
          "version": "0.9.8",
          "dependencies": {
            "socket.io-client": {
              "version": "0.9.8",
              "dependencies": {
                "uglify-js": {
                  "version": "1.2.5"
                },
                "ws": {
                  "version": "0.4.21",
                  "dependencies": {
                    "tinycolor": {
                      "version": "0.0.1"
                    },
                    "options": {
                      "version": "0.0.3"
                    }
                  }
                },
                "xmlhttprequest": {
                  "version": "1.2.2"
                },
                "active-x-obfuscator": {
                  "version": "0.0.1",
                  "dependencies": {
                    "zeparser": {
                      "version": "0.0.5"
                    }
                  }
                }
              }
            },
            "policyfile": {
              "version": "0.0.4"
            }
          }
        },
        "redis": {
          "version": "0.7.2",
          "dependencies": {
            "hiredis": {
              "version": "0.1.14"
            }
          }
        },
        "connect": {
          "version": "2.4.2",
          "dependencies": {
            "qs": {
              "version": "0.4.2"
            },
            "formidable": {
              "version": "1.0.11"
            },
            "crc": {
              "version": "0.2.0"
            },
            "cookie": {
              "version": "0.0.4"
            },
            "bytes": {
              "version": "0.1.0"
            },
            "send": {
              "version": "0.0.3",
              "dependencies": {
                "mime": {
                  "version": "1.2.6"
                },
                "range-parser": {
                  "version": "0.0.4"
                }
              }
            },
            "fresh": {
              "version": "0.1.0"
            },
            "pause": {
              "version": "0.0.1"
            },
            "debug": {
              "version": "0.7.0"
            }
          }
        },
        "connect-redis": {
          "version": "1.4.1",
          "dependencies": {
            "debug": {
              "version": "0.7.0"
            }
          }
        },
        "chokidar": {
          "version": "0.4.0"
        }
      }
    },
    "knox": {
      "version": "0.3.0",
      "from": "git://github.com/LearnBoost/knox.git",
      "dependencies": {
        "mime": {
          "version": "1.2.7"
        }
      }
    },
    "ss-coffee": {
      "version": "0.1.2",
      "dependencies": {
        "coffee-script": {
          "version": "1.3.3"
        }
      }
    },
    "ss-jade": {
      "version": "0.1.3",
      "dependencies": {
        "jade": {
          "version": "0.27.2",
          "dependencies": {
            "commander": {
              "version": "0.6.1"
            },
            "mkdirp": {
              "version": "0.3.0"
            }
          }
        }
      }
    },
    "ss-stylus": {
      "version": "0.1.5",
      "dependencies": {
        "stylus": {
          "version": "0.28.2",
          "dependencies": {
            "cssom": {
              "version": "0.2.5"
            },
            "mkdirp": {
              "version": "0.3.4"
            },
            "debug": {
              "version": "0.7.0"
            }
          }
        },
        "nib": {
          "version": "0.7.1"
        }
      }
    },
    "ss-hogan": {
      "version": "0.1.3",
      "dependencies": {
        "hogan.js": {
          "version": "2.0.0"
        }
      }
    },
    "mongodb": {
      "version": "1.1.4",
      "dependencies": {
        "bson": {
          "version": "0.1.1"
        }
      }
    },
    "mongoose": {
      "version": "3.0.3",
      "dependencies": {
        "hooks": {
          "version": "0.2.1"
        },
        "ms": {
          "version": "0.1.0"
        }
      }
    },
    "mongoose-types": {
      "version": "1.0.3"
    },
    "underscore": {
      "version": "1.3.3"
    }
  }
}
